{
  "requires": true,
  "lockfileVersion": 1,
  "dependencies": {
    "@mangoweb/scripts-base": {
      "version": "0.0.10",
      "resolved": "https://registry.npmjs.org/@mangoweb/scripts-base/-/scripts-base-0.0.10.tgz",
      "integrity": "sha512-NOqbZal9SiiDA8t3g891dm/tZBkAGw2Fz4rPGo37JQ+Qqr9lkqY58mGZRZQv/KE1lvVonFCXmBNMa4n3m71O4Q==",
      "dev": true
    }
  }
}
