{
  "requires": true,
  "lockfileVersion": 1,
  "dependencies": {
    "@mangoweb/scripts-base": {
      "version": "0.0.15",
      "resolved": "https://registry.npmjs.org/@mangoweb/scripts-base/-/scripts-base-0.0.15.tgz",
      "integrity": "sha512-Y6LWqNZLS3Jg7YKawsLSznU9YMFSl1in9+59PM/dJiTJukLiMys/aCSKQT0I89ZaDcd7xf20HEL2jj5l8KRVlA==",
      "dev": true
    }
  }
}
